
Microsoft Visual Studio Solution File, Format Version 12.00
Project("{FAE04EC0-301F-11D3-BF4B-00C04F79EFBC}") = "GdsSharp.Lib", "GdsSharp.Lib\GdsSharp.Lib.csproj", "{54245C00-B1F3-490F-8554-A583945F49A3}"
EndProject
Project("{FAE04EC0-301F-11D3-BF4B-00C04F79EFBC}") = "GdsSharp.Lib.Test", "GdsSharp.Lib.Test\GdsSharp.Lib.Test.csproj", "{28B318FC-3505-43B8-AC9E-69C0C1E11B70}"
EndProject
Project("{9A19103F-16F7-4668-BE54-9A1E7A4F7556}") = "_build", "build\_build.csproj", "{566FD15A-A90D-4382-BE61-ECB283BD5F10}"
EndProject
Project("{FAE04EC0-301F-11D3-BF4B-00C04F79EFBC}") = "GdsGenerator", "GdsGenerator\GdsGenerator.csproj", "{90695895-33A3-4C42-A733-F3A90E27A69F}"
EndProject
Project("{FAE04EC0-301F-11D3-BF4B-00C04F79EFBC}") = "GdsSharp.Benchmarks", "GdsSharp.Benchmarks\GdsSharp.Benchmarks.csproj", "{B7DCE78E-B318-4D94-BB6B-40D7025CE396}"
EndProject
Global
	GlobalSection(SolutionConfigurationPlatforms) = preSolution
		Debug|Any CPU = Debug|Any CPU
		Release|Any CPU = Release|Any CPU
	EndGlobalSection
	GlobalSection(ProjectConfigurationPlatforms) = postSolution
		{566FD15A-A90D-4382-BE61-ECB283BD5F10}.Debug|Any CPU.ActiveCfg = Debug|Any CPU
		{566FD15A-A90D-4382-BE61-ECB283BD5F10}.Release|Any CPU.ActiveCfg = Release|Any CPU
		{54245C00-B1F3-490F-8554-A583945F49A3}.Debug|Any CPU.ActiveCfg = Debug|Any CPU
		{54245C00-B1F3-490F-8554-A583945F49A3}.Debug|Any CPU.Build.0 = Debug|Any CPU
		{54245C00-B1F3-490F-8554-A583945F49A3}.Release|Any CPU.ActiveCfg = Release|Any CPU
		{54245C00-B1F3-490F-8554-A583945F49A3}.Release|Any CPU.Build.0 = Release|Any CPU
		{28B318FC-3505-43B8-AC9E-69C0C1E11B70}.Debug|Any CPU.ActiveCfg = Debug|Any CPU
		{28B318FC-3505-43B8-AC9E-69C0C1E11B70}.Debug|Any CPU.Build.0 = Debug|Any CPU
		{28B318FC-3505-43B8-AC9E-69C0C1E11B70}.Release|Any CPU.ActiveCfg = Release|Any CPU
		{28B318FC-3505-43B8-AC9E-69C0C1E11B70}.Release|Any CPU.Build.0 = Release|Any CPU
		{90695895-33A3-4C42-A733-F3A90E27A69F}.Debug|Any CPU.ActiveCfg = Debug|Any CPU
		{90695895-33A3-4C42-A733-F3A90E27A69F}.Debug|Any CPU.Build.0 = Debug|Any CPU
		{90695895-33A3-4C42-A733-F3A90E27A69F}.Release|Any CPU.ActiveCfg = Release|Any CPU
		{90695895-33A3-4C42-A733-F3A90E27A69F}.Release|Any CPU.Build.0 = Release|Any CPU
		{B7DCE78E-B318-4D94-BB6B-40D7025CE396}.Debug|Any CPU.ActiveCfg = Debug|Any CPU
		{B7DCE78E-B318-4D94-BB6B-40D7025CE396}.Debug|Any CPU.Build.0 = Debug|Any CPU
		{B7DCE78E-B318-4D94-BB6B-40D7025CE396}.Release|Any CPU.ActiveCfg = Release|Any CPU
		{B7DCE78E-B318-4D94-BB6B-40D7025CE396}.Release|Any CPU.Build.0 = Release|Any CPU
	EndGlobalSection
EndGlobal
