
Microsoft Visual Studio Solution File, Format Version 12.00
Project("{FAE04EC0-301F-11D3-BF4B-00C04F79EFBC}") = "GdsSharp.Lib", "GdsSharp.Lib\GdsSharp.Lib.csproj", "{54245C00-B1F3-490F-8554-A583945F49A3}"
EndProject
Project("{FAE04EC0-301F-11D3-BF4B-00C04F79EFBC}") = "GdsSharp.Lib.Test", "GdsSharp.Lib.Test\GdsSharp.Lib.Test.csproj", "{28B318FC-3505-43B8-AC9E-69C0C1E11B70}"
EndProject
Global
	GlobalSection(SolutionConfigurationPlatforms) = preSolution
		Debug|Any CPU = Debug|Any CPU
		Release|Any CPU = Release|Any CPU
	EndGlobalSection
	GlobalSection(ProjectConfigurationPlatforms) = postSolution
		{54245C00-B1F3-490F-8554-A583945F49A3}.Debug|Any CPU.ActiveCfg = Debug|Any CPU
		{54245C00-B1F3-490F-8554-A583945F49A3}.Debug|Any CPU.Build.0 = Debug|Any CPU
		{54245C00-B1F3-490F-8554-A583945F49A3}.Release|Any CPU.ActiveCfg = Release|Any CPU
		{54245C00-B1F3-490F-8554-A583945F49A3}.Release|Any CPU.Build.0 = Release|Any CPU
		{28B318FC-3505-43B8-AC9E-69C0C1E11B70}.Debug|Any CPU.ActiveCfg = Debug|Any CPU
		{28B318FC-3505-43B8-AC9E-69C0C1E11B70}.Debug|Any CPU.Build.0 = Debug|Any CPU
		{28B318FC-3505-43B8-AC9E-69C0C1E11B70}.Release|Any CPU.ActiveCfg = Release|Any CPU
		{28B318FC-3505-43B8-AC9E-69C0C1E11B70}.Release|Any CPU.Build.0 = Release|Any CPU
	EndGlobalSection
EndGlobal
